// !$*UTF8*$!
{
	archiveVersion = 1;
	classes = {
	};
	objectVersion = 55;
	objects = {

/* Begin PBXBuildFile section */
		D06C1CFB27AD3C99004D8174 /* DataManager.swift in Sources */ = {isa = PBXBuildFile; fileRef = D06C1CFA27AD3C99004D8174 /* DataManager.swift */; };
		D06C1CFD27AD3CA6004D8174 /* Person.swift in Sources */ = {isa = PBXBuildFile; fileRef = D06C1CFC27AD3CA6004D8174 /* Person.swift */; };
		D06C1D0127AD40A8004D8174 /* ContactsView.swift in Sources */ = {isa = PBXBuildFile; fileRef = D06C1D0027AD40A8004D8174 /* ContactsView.swift */; };
		D06C1D0327AD40CC004D8174 /* NumbersView.swift in Sources */ = {isa = PBXBuildFile; fileRef = D06C1D0227AD40CC004D8174 /* NumbersView.swift */; };
		D06C1D0527AD4123004D8174 /* DetailContactsView.swift in Sources */ = {isa = PBXBuildFile; fileRef = D06C1D0427AD4123004D8174 /* DetailContactsView.swift */; };
		D08E6B3B27AD364700F72C93 /* ContactListSwiftUIApp.swift in Sources */ = {isa = PBXBuildFile; fileRef = D08E6B3A27AD364700F72C93 /* ContactListSwiftUIApp.swift */; };
		D08E6B3D27AD364700F72C93 /* MainView.swift in Sources */ = {isa = PBXBuildFile; fileRef = D08E6B3C27AD364700F72C93 /* MainView.swift */; };
		D08E6B3F27AD364E00F72C93 /* Assets.xcassets in Resources */ = {isa = PBXBuildFile; fileRef = D08E6B3E27AD364E00F72C93 /* Assets.xcassets */; };
		D08E6B4227AD364E00F72C93 /* Preview Assets.xcassets in Resources */ = {isa = PBXBuildFile; fileRef = D08E6B4127AD364E00F72C93 /* Preview Assets.xcassets */; };
/* End PBXBuildFile section */

/* Begin PBXFileReference section */
		D06C1CFA27AD3C99004D8174 /* DataManager.swift */ = {isa = PBXFileReference; fileEncoding = 4; lastKnownFileType = sourcecode.swift; path = DataManager.swift; sourceTree = "<group>"; };
		D06C1CFC27AD3CA6004D8174 /* Person.swift */ = {isa = PBXFileReference; fileEncoding = 4; lastKnownFileType = sourcecode.swift; path = Person.swift; sourceTree = "<group>"; };
		D06C1D0027AD40A8004D8174 /* ContactsView.swift */ = {isa = PBXFileReference; lastKnownFileType = sourcecode.swift; path = ContactsView.swift; sourceTree = "<group>"; };
		D06C1D0227AD40CC004D8174 /* NumbersView.swift */ = {isa = PBXFileReference; lastKnownFileType = sourcecode.swift; path = NumbersView.swift; sourceTree = "<group>"; };
		D06C1D0427AD4123004D8174 /* DetailContactsView.swift */ = {isa = PBXFileReference; lastKnownFileType = sourcecode.swift; path = DetailContactsView.swift; sourceTree = "<group>"; };
		D08E6B3727AD364700F72C93 /* ContactListSwiftUI.app */ = {isa = PBXFileReference; explicitFileType = wrapper.application; includeInIndex = 0; path = ContactListSwiftUI.app; sourceTree = BUILT_PRODUCTS_DIR; };
		D08E6B3A27AD364700F72C93 /* ContactListSwiftUIApp.swift */ = {isa = PBXFileReference; lastKnownFileType = sourcecode.swift; path = ContactListSwiftUIApp.swift; sourceTree = "<group>"; };
		D08E6B3C27AD364700F72C93 /* MainView.swift */ = {isa = PBXFileReference; lastKnownFileType = sourcecode.swift; path = MainView.swift; sourceTree = "<group>"; };
		D08E6B3E27AD364E00F72C93 /* Assets.xcassets */ = {isa = PBXFileReference; lastKnownFileType = folder.assetcatalog; path = Assets.xcassets; sourceTree = "<group>"; };
		D08E6B4127AD364E00F72C93 /* Preview Assets.xcassets */ = {isa = PBXFileReference; lastKnownFileType = folder.assetcatalog; path = "Preview Assets.xcassets"; sourceTree = "<group>"; };
/* End PBXFileReference section */

/* Begin PBXFrameworksBuildPhase section */
		D08E6B3427AD364700F72C93 /* Frameworks */ = {
			isa = PBXFrameworksBuildPhase;
			buildActionMask = 2147483647;
			files = (
			);
			runOnlyForDeploymentPostprocessing = 0;
		};
/* End PBXFrameworksBuildPhase section */

/* Begin PBXGroup section */
		D02D4A6F27AD78B200151D70 /* Views */ = {
			isa = PBXGroup;
			children = (
				D08E6B3C27AD364700F72C93 /* MainView.swift */,
				D06C1D0027AD40A8004D8174 /* ContactsView.swift */,
				D06C1D0427AD4123004D8174 /* DetailContactsView.swift */,
				D06C1D0227AD40CC004D8174 /* NumbersView.swift */,
			);
			path = Views;
			sourceTree = "<group>";
		};
		D06C1CFE27AD402D004D8174 /* DataManager */ = {
			isa = PBXGroup;
			children = (
				D06C1CFA27AD3C99004D8174 /* DataManager.swift */,
			);
			path = DataManager;
			sourceTree = "<group>";
		};
		D06C1CFF27AD403C004D8174 /* Model */ = {
			isa = PBXGroup;
			children = (
				D06C1CFC27AD3CA6004D8174 /* Person.swift */,
			);
			path = Model;
			sourceTree = "<group>";
		};
		D08E6B2E27AD364700F72C93 = {
			isa = PBXGroup;
			children = (
				D08E6B3927AD364700F72C93 /* ContactListSwiftUI */,
				D08E6B3827AD364700F72C93 /* Products */,
			);
			sourceTree = "<group>";
		};
		D08E6B3827AD364700F72C93 /* Products */ = {
			isa = PBXGroup;
			children = (
				D08E6B3727AD364700F72C93 /* ContactListSwiftUI.app */,
			);
			name = Products;
			sourceTree = "<group>";
		};
		D08E6B3927AD364700F72C93 /* ContactListSwiftUI */ = {
			isa = PBXGroup;
			children = (
				D08E6B3A27AD364700F72C93 /* ContactListSwiftUIApp.swift */,
				D02D4A6F27AD78B200151D70 /* Views */,
				D06C1CFF27AD403C004D8174 /* Model */,
				D06C1CFE27AD402D004D8174 /* DataManager */,
				D08E6B3E27AD364E00F72C93 /* Assets.xcassets */,
				D08E6B4027AD364E00F72C93 /* Preview Content */,
			);
			path = ContactListSwiftUI;
			sourceTree = "<group>";
		};
		D08E6B4027AD364E00F72C93 /* Preview Content */ = {
			isa = PBXGroup;
			children = (
				D08E6B4127AD364E00F72C93 /* Preview Assets.xcassets */,
			);
			path = "Preview Content";
			sourceTree = "<group>";
		};
/* End PBXGroup section */

/* Begin PBXNativeTarget section */
		D08E6B3627AD364700F72C93 /* ContactListSwiftUI */ = {
			isa = PBXNativeTarget;
			buildConfigurationList = D08E6B4527AD364E00F72C93 /* Build configuration list for PBXNativeTarget "ContactListSwiftUI" */;
			buildPhases = (
				D08E6B3327AD364700F72C93 /* Sources */,
				D08E6B3427AD364700F72C93 /* Frameworks */,
				D08E6B3527AD364700F72C93 /* Resources */,
			);
			buildRules = (
			);
			dependencies = (
			);
			name = ContactListSwiftUI;
			productName = ContactListSwiftUI;
			productReference = D08E6B3727AD364700F72C93 /* ContactListSwiftUI.app */;
			productType = "com.apple.product-type.application";
		};
/* End PBXNativeTarget section */

/* Begin PBXProject section */
		D08E6B2F27AD364700F72C93 /* Project object */ = {
			isa = PBXProject;
			attributes = {
				BuildIndependentTargetsInParallel = 1;
				LastSwiftUpdateCheck = 1320;
				LastUpgradeCheck = 1320;
				TargetAttributes = {
					D08E6B3627AD364700F72C93 = {
						CreatedOnToolsVersion = 13.2.1;
					};
				};
			};
			buildConfigurationList = D08E6B3227AD364700F72C93 /* Build configuration list for PBXProject "ContactListSwiftUI" */;
			compatibilityVersion = "Xcode 13.0";
			developmentRegion = en;
			hasScannedForEncodings = 0;
			knownRegions = (
				en,
				Base,
			);
			mainGroup = D08E6B2E27AD364700F72C93;
			productRefGroup = D08E6B3827AD364700F72C93 /* Products */;
			projectDirPath = "";
			projectRoot = "";
			targets = (
				D08E6B3627AD364700F72C93 /* ContactListSwiftUI */,
			);
		};
/* End PBXProject section */

/* Begin PBXResourcesBuildPhase section */
		D08E6B3527AD364700F72C93 /* Resources */ = {
			isa = PBXResourcesBuildPhase;
			buildActionMask = 2147483647;
			files = (
				D08E6B4227AD364E00F72C93 /* Preview Assets.xcassets in Resources */,
				D08E6B3F27AD364E00F72C93 /* Assets.xcassets in Resources */,
			);
			runOnlyForDeploymentPostprocessing = 0;
		};
/* End PBXResourcesBuildPhase section */

/* Begin PBXSourcesBuildPhase section */
		D08E6B3327AD364700F72C93 /* Sources */ = {
			isa = PBXSourcesBuildPhase;
			buildActionMask = 2147483647;
			files = (
				D08E6B3D27AD364700F72C93 /* MainView.swift in Sources */,
				D06C1CFB27AD3C99004D8174 /* DataManager.swift in Sources */,
				D06C1CFD27AD3CA6004D8174 /* Person.swift in Sources */,
				D06C1D0327AD40CC004D8174 /* NumbersView.swift in Sources */,
				D06C1D0527AD4123004D8174 /* DetailContactsView.swift in Sources */,
				D08E6B3B27AD364700F72C93 /* ContactListSwiftUIApp.swift in Sources */,
				D06C1D0127AD40A8004D8174 /* ContactsView.swift in Sources */,
			);
			runOnlyForDeploymentPostprocessing = 0;
		};
/* End PBXSourcesBuildPhase section */

/* Begin XCBuildConfiguration section */
		D08E6B4327AD364E00F72C93 /* Debug */ = {
			isa = XCBuildConfiguration;
			buildSettings = {
				ALWAYS_SEARCH_USER_PATHS = NO;
				CLANG_ANALYZER_NONNULL = YES;
				CLANG_ANALYZER_NUMBER_OBJECT_CONVERSION = YES_AGGRESSIVE;
				CLANG_CXX_LANGUAGE_STANDARD = "gnu++17";
				CLANG_CXX_LIBRARY = "libc++";
				CLANG_ENABLE_MODULES = YES;
				CLANG_ENABLE_OBJC_ARC = YES;
				CLANG_ENABLE_OBJC_WEAK = YES;
				CLANG_WARN_BLOCK_CAPTURE_AUTORELEASING = YES;
				CLANG_WARN_BOOL_CONVERSION = YES;
				CLANG_WARN_COMMA = YES;
				CLANG_WARN_CONSTANT_CONVERSION = YES;
				CLANG_WARN_DEPRECATED_OBJC_IMPLEMENTATIONS = YES;
				CLANG_WARN_DIRECT_OBJC_ISA_USAGE = YES_ERROR;
				CLANG_WARN_DOCUMENTATION_COMMENTS = YES;
				CLANG_WARN_EMPTY_BODY = YES;
				CLANG_WARN_ENUM_CONVERSION = YES;
				CLANG_WARN_INFINITE_RECURSION = YES;
				CLANG_WARN_INT_CONVERSION = YES;
				CLANG_WARN_NON_LITERAL_NULL_CONVERSION = YES;
				CLANG_WARN_OBJC_IMPLICIT_RETAIN_SELF = YES;
				CLANG_WARN_OBJC_LITERAL_CONVERSION = YES;
				CLANG_WARN_OBJC_ROOT_CLASS = YES_ERROR;
				CLANG_WARN_QUOTED_INCLUDE_IN_FRAMEWORK_HEADER = YES;
				CLANG_WARN_RANGE_LOOP_ANALYSIS = YES;
				CLANG_WARN_STRICT_PROTOTYPES = YES;
				CLANG_WARN_SUSPICIOUS_MOVE = YES;
				CLANG_WARN_UNGUARDED_AVAILABILITY = YES_AGGRESSIVE;
				CLANG_WARN_UNREACHABLE_CODE = YES;
				CLANG_WARN__DUPLICATE_METHOD_MATCH = YES;
				COPY_PHASE_STRIP = NO;
				DEBUG_INFORMATION_FORMAT = dwarf;
				ENABLE_STRICT_OBJC_MSGSEND = YES;
				ENABLE_TESTABILITY = YES;
				GCC_C_LANGUAGE_STANDARD = gnu11;
				GCC_DYNAMIC_NO_PIC = NO;
				GCC_NO_COMMON_BLOCKS = YES;
				GCC_OPTIMIZATION_LEVEL = 0;
				GCC_PREPROCESSOR_DEFINITIONS = (
					"DEBUG=1",
					"$(inherited)",
				);
				GCC_WARN_64_TO_32_BIT_CONVERSION = YES;
				GCC_WARN_ABOUT_RETURN_TYPE = YES_ERROR;
				GCC_WARN_UNDECLARED_SELECTOR = YES;
				GCC_WARN_UNINITIALIZED_AUTOS = YES_AGGRESSIVE;
				GCC_WARN_UNUSED_FUNCTION = YES;
				GCC_WARN_UNUSED_VARIABLE = YES;
				IPHONEOS_DEPLOYMENT_TARGET = 15.2;
				MTL_ENABLE_DEBUG_INFO = INCLUDE_SOURCE;
				MTL_FAST_MATH = YES;
				ONLY_ACTIVE_ARCH = YES;
				SDKROOT = iphoneos;
				SWIFT_ACTIVE_COMPILATION_CONDITIONS = DEBUG;
				SWIFT_OPTIMIZATION_LEVEL = "-Onone";
			};
			name = Debug;
		};
		D08E6B4427AD364E00F72C93 /* Release */ = {
			isa = XCBuildConfiguration;
			buildSettings = {
				ALWAYS_SEARCH_USER_PATHS = NO;
				CLANG_ANALYZER_NONNULL = YES;
				CLANG_ANALYZER_NUMBER_OBJECT_CONVERSION = YES_AGGRESSIVE;
				CLANG_CXX_LANGUAGE_STANDARD = "gnu++17";
				CLANG_CXX_LIBRARY = "libc++";
				CLANG_ENABLE_MODULES = YES;
				CLANG_ENABLE_OBJC_ARC = YES;
				CLANG_ENABLE_OBJC_WEAK = YES;
				CLANG_WARN_BLOCK_CAPTURE_AUTORELEASING = YES;
				CLANG_WARN_BOOL_CONVERSION = YES;
				CLANG_WARN_COMMA = YES;
				CLANG_WARN_CONSTANT_CONVERSION = YES;
				CLANG_WARN_DEPRECATED_OBJC_IMPLEMENTATIONS = YES;
				CLANG_WARN_DIRECT_OBJC_ISA_USAGE = YES_ERROR;
				CLANG_WARN_DOCUMENTATION_COMMENTS = YES;
				CLANG_WARN_EMPTY_BODY = YES;
				CLANG_WARN_ENUM_CONVERSION = YES;
				CLANG_WARN_INFINITE_RECURSION = YES;
				CLANG_WARN_INT_CONVERSION = YES;
				CLANG_WARN_NON_LITERAL_NULL_CONVERSION = YES;
				CLANG_WARN_OBJC_IMPLICIT_RETAIN_SELF = YES;
				CLANG_WARN_OBJC_LITERAL_CONVERSION = YES;
				CLANG_WARN_OBJC_ROOT_CLASS = YES_ERROR;
				CLANG_WARN_QUOTED_INCLUDE_IN_FRAMEWORK_HEADER = YES;
				CLANG_WARN_RANGE_LOOP_ANALYSIS = YES;
				CLANG_WARN_STRICT_PROTOTYPES = YES;
				CLANG_WARN_SUSPICIOUS_MOVE = YES;
				CLANG_WARN_UNGUARDED_AVAILABILITY = YES_AGGRESSIVE;
				CLANG_WARN_UNREACHABLE_CODE = YES;
				CLANG_WARN__DUPLICATE_METHOD_MATCH = YES;
				COPY_PHASE_STRIP = NO;
				DEBUG_INFORMATION_FORMAT = "dwarf-with-dsym";
				ENABLE_NS_ASSERTIONS = NO;
				ENABLE_STRICT_OBJC_MSGSEND = YES;
				GCC_C_LANGUAGE_STANDARD = gnu11;
				GCC_NO_COMMON_BLOCKS = YES;
				GCC_WARN_64_TO_32_BIT_CONVERSION = YES;
				GCC_WARN_ABOUT_RETURN_TYPE = YES_ERROR;
				GCC_WARN_UNDECLARED_SELECTOR = YES;
				GCC_WARN_UNINITIALIZED_AUTOS = YES_AGGRESSIVE;
				GCC_WARN_UNUSED_FUNCTION = YES;
				GCC_WARN_UNUSED_VARIABLE = YES;
				IPHONEOS_DEPLOYMENT_TARGET = 15.2;
				MTL_ENABLE_DEBUG_INFO = NO;
				MTL_FAST_MATH = YES;
				SDKROOT = iphoneos;
				SWIFT_COMPILATION_MODE = wholemodule;
				SWIFT_OPTIMIZATION_LEVEL = "-O";
				VALIDATE_PRODUCT = YES;
			};
			name = Release;
		};
		D08E6B4627AD364E00F72C93 /* Debug */ = {
			isa = XCBuildConfiguration;
			buildSettings = {
				ASSETCATALOG_COMPILER_APPICON_NAME = AppIcon;
				ASSETCATALOG_COMPILER_GLOBAL_ACCENT_COLOR_NAME = AccentColor;
				CODE_SIGN_STYLE = Automatic;
				CURRENT_PROJECT_VERSION = 1;
				DEVELOPMENT_ASSET_PATHS = "\"ContactListSwiftUI/Preview Content\"";
				DEVELOPMENT_TEAM = ZPVKFVD8X7;
				ENABLE_PREVIEWS = YES;
				GENERATE_INFOPLIST_FILE = YES;
				INFOPLIST_KEY_UIApplicationSceneManifest_Generation = YES;
				INFOPLIST_KEY_UIApplicationSupportsIndirectInputEvents = YES;
				INFOPLIST_KEY_UILaunchScreen_Generation = YES;
				INFOPLIST_KEY_UISupportedInterfaceOrientations_iPad = "UIInterfaceOrientationPortrait UIInterfaceOrientationPortraitUpsideDown UIInterfaceOrientationLandscapeLeft UIInterfaceOrientationLandscapeRight";
				INFOPLIST_KEY_UISupportedInterfaceOrientations_iPhone = "UIInterfaceOrientationPortrait UIInterfaceOrientationLandscapeLeft UIInterfaceOrientationLandscapeRight";
				LD_RUNPATH_SEARCH_PATHS = (
					"$(inherited)",
					"@executable_path/Frameworks",
				);
				MARKETING_VERSION = 1.0;
				PRODUCT_BUNDLE_IDENTIFIER = com.vryabtsev.ContactListSwiftUI;
				PRODUCT_NAME = "$(TARGET_NAME)";
				SWIFT_EMIT_LOC_STRINGS = YES;
				SWIFT_VERSION = 5.0;
				TARGETED_DEVICE_FAMILY = "1,2";
			};
			name = Debug;
		};
		D08E6B4727AD364E00F72C93 /* Release */ = {
			isa = XCBuildConfiguration;
			buildSettings = {
				ASSETCATALOG_COMPILER_APPICON_NAME = AppIcon;
				ASSETCATALOG_COMPILER_GLOBAL_ACCENT_COLOR_NAME = AccentColor;
				CODE_SIGN_STYLE = Automatic;
				CURRENT_PROJECT_VERSION = 1;
				DEVELOPMENT_ASSET_PATHS = "\"ContactListSwiftUI/Preview Content\"";
				DEVELOPMENT_TEAM = ZPVKFVD8X7;
				ENABLE_PREVIEWS = YES;
				GENERATE_INFOPLIST_FILE = YES;
				INFOPLIST_KEY_UIApplicationSceneManifest_Generation = YES;
				INFOPLIST_KEY_UIApplicationSupportsIndirectInputEvents = YES;
				INFOPLIST_KEY_UILaunchScreen_Generation = YES;
				INFOPLIST_KEY_UISupportedInterfaceOrientations_iPad = "UIInterfaceOrientationPortrait UIInterfaceOrientationPortraitUpsideDown UIInterfaceOrientationLandscapeLeft UIInterfaceOrientationLandscapeRight";
				INFOPLIST_KEY_UISupportedInterfaceOrientations_iPhone = "UIInterfaceOrientationPortrait UIInterfaceOrientationLandscapeLeft UIInterfaceOrientationLandscapeRight";
				LD_RUNPATH_SEARCH_PATHS = (
					"$(inherited)",
					"@executable_path/Frameworks",
				);
				MARKETING_VERSION = 1.0;
				PRODUCT_BUNDLE_IDENTIFIER = com.vryabtsev.ContactListSwiftUI;
				PRODUCT_NAME = "$(TARGET_NAME)";
				SWIFT_EMIT_LOC_STRINGS = YES;
				SWIFT_VERSION = 5.0;
				TARGETED_DEVICE_FAMILY = "1,2";
			};
			name = Release;
		};
/* End XCBuildConfiguration section */

/* Begin XCConfigurationList section */
		D08E6B3227AD364700F72C93 /* Build configuration list for PBXProject "ContactListSwiftUI" */ = {
			isa = XCConfigurationList;
			buildConfigurations = (
				D08E6B4327AD364E00F72C93 /* Debug */,
				D08E6B4427AD364E00F72C93 /* Release */,
			);
			defaultConfigurationIsVisible = 0;
			defaultConfigurationName = Release;
		};
		D08E6B4527AD364E00F72C93 /* Build configuration list for PBXNativeTarget "ContactListSwiftUI" */ = {
			isa = XCConfigurationList;
			buildConfigurations = (
				D08E6B4627AD364E00F72C93 /* Debug */,
				D08E6B4727AD364E00F72C93 /* Release */,
			);
			defaultConfigurationIsVisible = 0;
			defaultConfigurationName = Release;
		};
/* End XCConfigurationList section */
	};
	rootObject = D08E6B2F27AD364700F72C93 /* Project object */;
}
